
Microsoft Visual Studio Solution File, Format Version 12.00
# Visual Studio Version 17
VisualStudioVersion = 17.9.34622.214
MinimumVisualStudioVersion = 10.0.40219.1
Project("{2150E333-8FDC-42A3-9474-1A3956D46DE8}") = "src", "src", "{627F0BB5-F902-42FF-BE77-3FAC00B878ED}"
EndProject
Project("{2150E333-8FDC-42A3-9474-1A3956D46DE8}") = "Adapters", "Adapters", "{10BF7D19-4018-4438-A6EE-BCFE11A62FB1}"
EndProject
Project("{2150E333-8FDC-42A3-9474-1A3956D46DE8}") = "Api", "Api", "{95CD0102-AFF8-4ED1-9FCC-4BAC41934FE2}"
EndProject
Project("{2150E333-8FDC-42A3-9474-1A3956D46DE8}") = "Domain", "Domain", "{B1A91CCA-D9C3-4250-ACB5-76A5288151F1}"
EndProject
Project("{2150E333-8FDC-42A3-9474-1A3956D46DE8}") = "Tests", "Tests", "{E1FE1B79-DBC6-40BE-AEF9-CD57AFC6E3AC}"
EndProject
Project("{FAE04EC0-301F-11D3-BF4B-00C04F79EFBC}") = "Persistance", "Persistance\Persistance.csproj", "{AA9338CF-10A7-4FF9-A56E-B2E6EF5425B0}"
EndProject
Project("{FAE04EC0-301F-11D3-BF4B-00C04F79EFBC}") = "Api", "Api\Api.csproj", "{74FF743E-4CDD-42F1-8D12-48A211EFB7F7}"
EndProject
Project("{FAE04EC0-301F-11D3-BF4B-00C04F79EFBC}") = "Application", "Application\Application.csproj", "{5A0ECAF8-8E1D-408E-97AB-9EFF0D460AB6}"
EndProject
Project("{FAE04EC0-301F-11D3-BF4B-00C04F79EFBC}") = "Core", "Core\Core.csproj", "{DE2672CE-2A85-4853-84C0-6B0602061C5A}"
EndProject
Project("{FAE04EC0-301F-11D3-BF4B-00C04F79EFBC}") = "Application.Tests", "Application.Tests\Application.Tests.csproj", "{55B4E168-C5D2-4B93-976A-F0C4B77F1856}"
EndProject
Global
	GlobalSection(SolutionConfigurationPlatforms) = preSolution
		Debug|Any CPU = Debug|Any CPU
		Release|Any CPU = Release|Any CPU
	EndGlobalSection
	GlobalSection(ProjectConfigurationPlatforms) = postSolution
		{AA9338CF-10A7-4FF9-A56E-B2E6EF5425B0}.Debug|Any CPU.ActiveCfg = Debug|Any CPU
		{AA9338CF-10A7-4FF9-A56E-B2E6EF5425B0}.Debug|Any CPU.Build.0 = Debug|Any CPU
		{AA9338CF-10A7-4FF9-A56E-B2E6EF5425B0}.Release|Any CPU.ActiveCfg = Release|Any CPU
		{AA9338CF-10A7-4FF9-A56E-B2E6EF5425B0}.Release|Any CPU.Build.0 = Release|Any CPU
		{74FF743E-4CDD-42F1-8D12-48A211EFB7F7}.Debug|Any CPU.ActiveCfg = Debug|Any CPU
		{74FF743E-4CDD-42F1-8D12-48A211EFB7F7}.Debug|Any CPU.Build.0 = Debug|Any CPU
		{74FF743E-4CDD-42F1-8D12-48A211EFB7F7}.Release|Any CPU.ActiveCfg = Release|Any CPU
		{74FF743E-4CDD-42F1-8D12-48A211EFB7F7}.Release|Any CPU.Build.0 = Release|Any CPU
		{5A0ECAF8-8E1D-408E-97AB-9EFF0D460AB6}.Debug|Any CPU.ActiveCfg = Debug|Any CPU
		{5A0ECAF8-8E1D-408E-97AB-9EFF0D460AB6}.Debug|Any CPU.Build.0 = Debug|Any CPU
		{5A0ECAF8-8E1D-408E-97AB-9EFF0D460AB6}.Release|Any CPU.ActiveCfg = Release|Any CPU
		{5A0ECAF8-8E1D-408E-97AB-9EFF0D460AB6}.Release|Any CPU.Build.0 = Release|Any CPU
		{DE2672CE-2A85-4853-84C0-6B0602061C5A}.Debug|Any CPU.ActiveCfg = Debug|Any CPU
		{DE2672CE-2A85-4853-84C0-6B0602061C5A}.Debug|Any CPU.Build.0 = Debug|Any CPU
		{DE2672CE-2A85-4853-84C0-6B0602061C5A}.Release|Any CPU.ActiveCfg = Release|Any CPU
		{DE2672CE-2A85-4853-84C0-6B0602061C5A}.Release|Any CPU.Build.0 = Release|Any CPU
		{55B4E168-C5D2-4B93-976A-F0C4B77F1856}.Debug|Any CPU.ActiveCfg = Debug|Any CPU
		{55B4E168-C5D2-4B93-976A-F0C4B77F1856}.Debug|Any CPU.Build.0 = Debug|Any CPU
		{55B4E168-C5D2-4B93-976A-F0C4B77F1856}.Release|Any CPU.ActiveCfg = Release|Any CPU
		{55B4E168-C5D2-4B93-976A-F0C4B77F1856}.Release|Any CPU.Build.0 = Release|Any CPU
	EndGlobalSection
	GlobalSection(SolutionProperties) = preSolution
		HideSolutionNode = FALSE
	EndGlobalSection
	GlobalSection(NestedProjects) = preSolution
		{10BF7D19-4018-4438-A6EE-BCFE11A62FB1} = {627F0BB5-F902-42FF-BE77-3FAC00B878ED}
		{95CD0102-AFF8-4ED1-9FCC-4BAC41934FE2} = {627F0BB5-F902-42FF-BE77-3FAC00B878ED}
		{B1A91CCA-D9C3-4250-ACB5-76A5288151F1} = {627F0BB5-F902-42FF-BE77-3FAC00B878ED}
		{E1FE1B79-DBC6-40BE-AEF9-CD57AFC6E3AC} = {627F0BB5-F902-42FF-BE77-3FAC00B878ED}
		{AA9338CF-10A7-4FF9-A56E-B2E6EF5425B0} = {10BF7D19-4018-4438-A6EE-BCFE11A62FB1}
		{74FF743E-4CDD-42F1-8D12-48A211EFB7F7} = {95CD0102-AFF8-4ED1-9FCC-4BAC41934FE2}
		{5A0ECAF8-8E1D-408E-97AB-9EFF0D460AB6} = {B1A91CCA-D9C3-4250-ACB5-76A5288151F1}
		{DE2672CE-2A85-4853-84C0-6B0602061C5A} = {B1A91CCA-D9C3-4250-ACB5-76A5288151F1}
		{55B4E168-C5D2-4B93-976A-F0C4B77F1856} = {E1FE1B79-DBC6-40BE-AEF9-CD57AFC6E3AC}
	EndGlobalSection
	GlobalSection(ExtensibilityGlobals) = postSolution
		SolutionGuid = {321E8788-6468-402F-B2C3-47DB9FE5A4EF}
	EndGlobalSection
EndGlobal
